
Microsoft Visual Studio Solution File, Format Version 12.00
# Visual Studio Version 17
VisualStudioVersion = 17.9.34622.214
MinimumVisualStudioVersion = 10.0.40219.1
Project("{FAE04EC0-301F-11D3-BF4B-00C04F79EFBC}") = "AngularApp1.Server", "AngularApp1.Server\AngularApp1.Server.csproj", "{403EFC38-2BF8-421C-B793-B3DF7E9E1C39}"
EndProject
Project("{54A90642-561A-4BB1-A94E-469ADEE60C69}") = "angularapp1.client", "angularapp1.client\angularapp1.client.esproj", "{A85FF27E-FE03-464B-BB9E-AC70363626E6}"
EndProject
Global
	GlobalSection(SolutionConfigurationPlatforms) = preSolution
		Debug|Any CPU = Debug|Any CPU
		Release|Any CPU = Release|Any CPU
	EndGlobalSection
	GlobalSection(ProjectConfigurationPlatforms) = postSolution
		{403EFC38-2BF8-421C-B793-B3DF7E9E1C39}.Debug|Any CPU.ActiveCfg = Debug|Any CPU
		{403EFC38-2BF8-421C-B793-B3DF7E9E1C39}.Debug|Any CPU.Build.0 = Debug|Any CPU
		{403EFC38-2BF8-421C-B793-B3DF7E9E1C39}.Release|Any CPU.ActiveCfg = Release|Any CPU
		{403EFC38-2BF8-421C-B793-B3DF7E9E1C39}.Release|Any CPU.Build.0 = Release|Any CPU
		{A85FF27E-FE03-464B-BB9E-AC70363626E6}.Debug|Any CPU.ActiveCfg = Debug|Any CPU
		{A85FF27E-FE03-464B-BB9E-AC70363626E6}.Debug|Any CPU.Build.0 = Debug|Any CPU
		{A85FF27E-FE03-464B-BB9E-AC70363626E6}.Debug|Any CPU.Deploy.0 = Debug|Any CPU
		{A85FF27E-FE03-464B-BB9E-AC70363626E6}.Release|Any CPU.ActiveCfg = Release|Any CPU
		{A85FF27E-FE03-464B-BB9E-AC70363626E6}.Release|Any CPU.Build.0 = Release|Any CPU
		{A85FF27E-FE03-464B-BB9E-AC70363626E6}.Release|Any CPU.Deploy.0 = Release|Any CPU
	EndGlobalSection
	GlobalSection(SolutionProperties) = preSolution
		HideSolutionNode = FALSE
	EndGlobalSection
	GlobalSection(ExtensibilityGlobals) = postSolution
		SolutionGuid = {5B49E000-581B-461D-8096-C7369E91E0EE}
	EndGlobalSection
EndGlobal
